
Microsoft Visual Studio Solution File, Format Version 10.00
# Visual Studio 2008
Project("{FAE04EC0-301F-11D3-BF4B-00C04F79EFBC}") = "RestTimer", "WindowsFormsApplication1\RestTimer.csproj", "{AE49F3DF-3830-4E6B-9FB4-D47C91526A8C}"
EndProject
Global
	GlobalSection(SolutionConfigurationPlatforms) = preSolution
		Debug|Any CPU = Debug|Any CPU
		Release|Any CPU = Release|Any CPU
	EndGlobalSection
	GlobalSection(ProjectConfigurationPlatforms) = postSolution
		{AE49F3DF-3830-4E6B-9FB4-D47C91526A8C}.Debug|Any CPU.ActiveCfg = Debug|Any CPU
		{AE49F3DF-3830-4E6B-9FB4-D47C91526A8C}.Debug|Any CPU.Build.0 = Debug|Any CPU
		{AE49F3DF-3830-4E6B-9FB4-D47C91526A8C}.Release|Any CPU.ActiveCfg = Release|Any CPU
		{AE49F3DF-3830-4E6B-9FB4-D47C91526A8C}.Release|Any CPU.Build.0 = Release|Any CPU
	EndGlobalSection
	GlobalSection(SolutionProperties) = preSolution
		HideSolutionNode = FALSE
	EndGlobalSection
EndGlobal
